
Microsoft Visual Studio Solution File, Format Version 12.00
# Visual Studio 14
VisualStudioVersion = 14.0.24720.0
MinimumVisualStudioVersion = 10.0.40219.1
Project("{FAE04EC0-301F-11D3-BF4B-00C04F79EFBC}") = "VodProUmbraco", "VodProUmbraco\VodProUmbraco.csproj", "{0EA94EF5-412A-413B-B457-8519AA7FC028}"
EndProject
Project("{FAE04EC0-301F-11D3-BF4B-00C04F79EFBC}") = "VUI", "VUI\VUI.csproj", "{39CD8F58-BC90-40FA-967C-DBC2785B3229}"
EndProject
Project("{FAE04EC0-301F-11D3-BF4B-00C04F79EFBC}") = "Log4NetUmbraco", "Log4NetUmbraco\Log4NetUmbraco.csproj", "{014053D1-7A35-4F6D-922F-B255E6D32257}"
EndProject
Project("{FAE04EC0-301F-11D3-BF4B-00C04F79EFBC}") = "Tests", "Tests\Tests.csproj", "{3FFF9F62-41ED-4014-8E58-4ED042AD93C4}"
EndProject
Project("{FAE04EC0-301F-11D3-BF4B-00C04F79EFBC}") = "VUI.UmbracoSection", "VUI.UmbracoSection\VUI.UmbracoSection.csproj", "{7578F72C-9222-4BCF-ACE2-474508090908}"
EndProject
Project("{FAE04EC0-301F-11D3-BF4B-00C04F79EFBC}") = "StoreRatings", "StoreRatings\StoreRatings.csproj", "{B453F9AE-7BE8-447C-B69C-887840821B7B}"
EndProject
Project("{FAE04EC0-301F-11D3-BF4B-00C04F79EFBC}") = "ServiceSnapshots", "ServiceSnapshots\ServiceSnapshots.csproj", "{9064AFE2-9EB4-430F-88CD-D149AF7F191B}"
EndProject
Project("{FAE04EC0-301F-11D3-BF4B-00C04F79EFBC}") = "SanitiseDatabase", "SanitiseDatabase\SanitiseDatabase.csproj", "{32EAE0E5-FB5F-447E-BF15-4458766C1C0F}"
EndProject
Project("{FAE04EC0-301F-11D3-BF4B-00C04F79EFBC}") = "VP2", "VP2\VP2.csproj", "{3B8DF094-DFD0-449F-9930-93975E6E26DB}"
EndProject
Project("{FAE04EC0-301F-11D3-BF4B-00C04F79EFBC}") = "VPCommon", "VPCommon\VPCommon.csproj", "{768121AA-C363-4308-8D1F-3A586A96E116}"
EndProject
Project("{FAE04EC0-301F-11D3-BF4B-00C04F79EFBC}") = "VODPro", "VODPro\VODPro.csproj", "{5B7B9862-12D0-495B-8FA8-D1807BAAC705}"
EndProject
Project("{2150E333-8FDC-42A3-9474-1A3956D46DE8}") = "Applications and Tests", "Applications and Tests", "{CB9B9969-758A-4A8F-98CC-4B56998BFD68}"
EndProject
Project("{2150E333-8FDC-42A3-9474-1A3956D46DE8}") = "Libraries", "Libraries", "{820AF4E1-CB5C-49E5-B61A-79D6A1F1689A}"
EndProject
Project("{FAE04EC0-301F-11D3-BF4B-00C04F79EFBC}") = "CustomEditorControls", "CustomEditorControls\CustomEditorControls.csproj", "{554169A9-0682-49D9-B423-09CD14709F4F}"
EndProject
Global
	GlobalSection(SolutionConfigurationPlatforms) = preSolution
		Debug|Any CPU = Debug|Any CPU
		Debug|Mixed Platforms = Debug|Mixed Platforms
		Debug|x86 = Debug|x86
		Release|Any CPU = Release|Any CPU
		Release|Mixed Platforms = Release|Mixed Platforms
		Release|x86 = Release|x86
	EndGlobalSection
	GlobalSection(ProjectConfigurationPlatforms) = postSolution
		{0EA94EF5-412A-413B-B457-8519AA7FC028}.Debug|Any CPU.ActiveCfg = Debug|Any CPU
		{0EA94EF5-412A-413B-B457-8519AA7FC028}.Debug|Any CPU.Build.0 = Debug|Any CPU
		{0EA94EF5-412A-413B-B457-8519AA7FC028}.Debug|Mixed Platforms.ActiveCfg = Debug|Any CPU
		{0EA94EF5-412A-413B-B457-8519AA7FC028}.Debug|Mixed Platforms.Build.0 = Debug|Any CPU
		{0EA94EF5-412A-413B-B457-8519AA7FC028}.Debug|x86.ActiveCfg = Debug|Any CPU
		{0EA94EF5-412A-413B-B457-8519AA7FC028}.Release|Any CPU.ActiveCfg = Release|Any CPU
		{0EA94EF5-412A-413B-B457-8519AA7FC028}.Release|Any CPU.Build.0 = Release|Any CPU
		{0EA94EF5-412A-413B-B457-8519AA7FC028}.Release|Mixed Platforms.ActiveCfg = Release|Any CPU
		{0EA94EF5-412A-413B-B457-8519AA7FC028}.Release|Mixed Platforms.Build.0 = Release|Any CPU
		{0EA94EF5-412A-413B-B457-8519AA7FC028}.Release|x86.ActiveCfg = Release|Any CPU
		{39CD8F58-BC90-40FA-967C-DBC2785B3229}.Debug|Any CPU.ActiveCfg = Debug|Any CPU
		{39CD8F58-BC90-40FA-967C-DBC2785B3229}.Debug|Any CPU.Build.0 = Debug|Any CPU
		{39CD8F58-BC90-40FA-967C-DBC2785B3229}.Debug|Mixed Platforms.ActiveCfg = Debug|Any CPU
		{39CD8F58-BC90-40FA-967C-DBC2785B3229}.Debug|Mixed Platforms.Build.0 = Debug|Any CPU
		{39CD8F58-BC90-40FA-967C-DBC2785B3229}.Debug|x86.ActiveCfg = Debug|Any CPU
		{39CD8F58-BC90-40FA-967C-DBC2785B3229}.Release|Any CPU.ActiveCfg = Release|Any CPU
		{39CD8F58-BC90-40FA-967C-DBC2785B3229}.Release|Any CPU.Build.0 = Release|Any CPU
		{39CD8F58-BC90-40FA-967C-DBC2785B3229}.Release|Mixed Platforms.ActiveCfg = Release|Any CPU
		{39CD8F58-BC90-40FA-967C-DBC2785B3229}.Release|Mixed Platforms.Build.0 = Release|Any CPU
		{39CD8F58-BC90-40FA-967C-DBC2785B3229}.Release|x86.ActiveCfg = Release|Any CPU
		{014053D1-7A35-4F6D-922F-B255E6D32257}.Debug|Any CPU.ActiveCfg = Debug|Any CPU
		{014053D1-7A35-4F6D-922F-B255E6D32257}.Debug|Any CPU.Build.0 = Debug|Any CPU
		{014053D1-7A35-4F6D-922F-B255E6D32257}.Debug|Mixed Platforms.ActiveCfg = Debug|Any CPU
		{014053D1-7A35-4F6D-922F-B255E6D32257}.Debug|Mixed Platforms.Build.0 = Debug|Any CPU
		{014053D1-7A35-4F6D-922F-B255E6D32257}.Debug|x86.ActiveCfg = Debug|Any CPU
		{014053D1-7A35-4F6D-922F-B255E6D32257}.Release|Any CPU.ActiveCfg = Release|Any CPU
		{014053D1-7A35-4F6D-922F-B255E6D32257}.Release|Any CPU.Build.0 = Release|Any CPU
		{014053D1-7A35-4F6D-922F-B255E6D32257}.Release|Mixed Platforms.ActiveCfg = Release|Any CPU
		{014053D1-7A35-4F6D-922F-B255E6D32257}.Release|Mixed Platforms.Build.0 = Release|Any CPU
		{014053D1-7A35-4F6D-922F-B255E6D32257}.Release|x86.ActiveCfg = Release|Any CPU
		{3FFF9F62-41ED-4014-8E58-4ED042AD93C4}.Debug|Any CPU.ActiveCfg = Debug|x86
		{3FFF9F62-41ED-4014-8E58-4ED042AD93C4}.Debug|Mixed Platforms.ActiveCfg = Debug|x86
		{3FFF9F62-41ED-4014-8E58-4ED042AD93C4}.Debug|Mixed Platforms.Build.0 = Debug|x86
		{3FFF9F62-41ED-4014-8E58-4ED042AD93C4}.Debug|x86.ActiveCfg = Debug|x86
		{3FFF9F62-41ED-4014-8E58-4ED042AD93C4}.Debug|x86.Build.0 = Debug|x86
		{3FFF9F62-41ED-4014-8E58-4ED042AD93C4}.Release|Any CPU.ActiveCfg = Release|x86
		{3FFF9F62-41ED-4014-8E58-4ED042AD93C4}.Release|Mixed Platforms.ActiveCfg = Release|x86
		{3FFF9F62-41ED-4014-8E58-4ED042AD93C4}.Release|Mixed Platforms.Build.0 = Release|x86
		{3FFF9F62-41ED-4014-8E58-4ED042AD93C4}.Release|x86.ActiveCfg = Release|x86
		{3FFF9F62-41ED-4014-8E58-4ED042AD93C4}.Release|x86.Build.0 = Release|x86
		{7578F72C-9222-4BCF-ACE2-474508090908}.Debug|Any CPU.ActiveCfg = Debug|Any CPU
		{7578F72C-9222-4BCF-ACE2-474508090908}.Debug|Any CPU.Build.0 = Debug|Any CPU
		{7578F72C-9222-4BCF-ACE2-474508090908}.Debug|Mixed Platforms.ActiveCfg = Debug|Any CPU
		{7578F72C-9222-4BCF-ACE2-474508090908}.Debug|Mixed Platforms.Build.0 = Debug|Any CPU
		{7578F72C-9222-4BCF-ACE2-474508090908}.Debug|x86.ActiveCfg = Debug|Any CPU
		{7578F72C-9222-4BCF-ACE2-474508090908}.Release|Any CPU.ActiveCfg = Release|Any CPU
		{7578F72C-9222-4BCF-ACE2-474508090908}.Release|Any CPU.Build.0 = Release|Any CPU
		{7578F72C-9222-4BCF-ACE2-474508090908}.Release|Mixed Platforms.ActiveCfg = Release|Any CPU
		{7578F72C-9222-4BCF-ACE2-474508090908}.Release|Mixed Platforms.Build.0 = Release|Any CPU
		{7578F72C-9222-4BCF-ACE2-474508090908}.Release|x86.ActiveCfg = Release|Any CPU
		{B453F9AE-7BE8-447C-B69C-887840821B7B}.Debug|Any CPU.ActiveCfg = Debug|Any CPU
		{B453F9AE-7BE8-447C-B69C-887840821B7B}.Debug|Any CPU.Build.0 = Debug|Any CPU
		{B453F9AE-7BE8-447C-B69C-887840821B7B}.Debug|Mixed Platforms.ActiveCfg = Debug|Any CPU
		{B453F9AE-7BE8-447C-B69C-887840821B7B}.Debug|Mixed Platforms.Build.0 = Debug|Any CPU
		{B453F9AE-7BE8-447C-B69C-887840821B7B}.Debug|x86.ActiveCfg = Debug|Any CPU
		{B453F9AE-7BE8-447C-B69C-887840821B7B}.Release|Any CPU.ActiveCfg = Release|Any CPU
		{B453F9AE-7BE8-447C-B69C-887840821B7B}.Release|Any CPU.Build.0 = Release|Any CPU
		{B453F9AE-7BE8-447C-B69C-887840821B7B}.Release|Mixed Platforms.ActiveCfg = Release|Any CPU
		{B453F9AE-7BE8-447C-B69C-887840821B7B}.Release|Mixed Platforms.Build.0 = Release|Any CPU
		{B453F9AE-7BE8-447C-B69C-887840821B7B}.Release|x86.ActiveCfg = Release|Any CPU
		{9064AFE2-9EB4-430F-88CD-D149AF7F191B}.Debug|Any CPU.ActiveCfg = Debug|x86
		{9064AFE2-9EB4-430F-88CD-D149AF7F191B}.Debug|Mixed Platforms.ActiveCfg = Debug|x86
		{9064AFE2-9EB4-430F-88CD-D149AF7F191B}.Debug|Mixed Platforms.Build.0 = Debug|x86
		{9064AFE2-9EB4-430F-88CD-D149AF7F191B}.Debug|x86.ActiveCfg = Debug|x86
		{9064AFE2-9EB4-430F-88CD-D149AF7F191B}.Debug|x86.Build.0 = Debug|x86
		{9064AFE2-9EB4-430F-88CD-D149AF7F191B}.Release|Any CPU.ActiveCfg = Release|x86
		{9064AFE2-9EB4-430F-88CD-D149AF7F191B}.Release|Mixed Platforms.ActiveCfg = Release|x86
		{9064AFE2-9EB4-430F-88CD-D149AF7F191B}.Release|Mixed Platforms.Build.0 = Release|x86
		{9064AFE2-9EB4-430F-88CD-D149AF7F191B}.Release|x86.ActiveCfg = Release|x86
		{9064AFE2-9EB4-430F-88CD-D149AF7F191B}.Release|x86.Build.0 = Release|x86
		{32EAE0E5-FB5F-447E-BF15-4458766C1C0F}.Debug|Any CPU.ActiveCfg = Debug|x86
		{32EAE0E5-FB5F-447E-BF15-4458766C1C0F}.Debug|Mixed Platforms.ActiveCfg = Debug|x86
		{32EAE0E5-FB5F-447E-BF15-4458766C1C0F}.Debug|Mixed Platforms.Build.0 = Debug|x86
		{32EAE0E5-FB5F-447E-BF15-4458766C1C0F}.Debug|x86.ActiveCfg = Debug|x86
		{32EAE0E5-FB5F-447E-BF15-4458766C1C0F}.Debug|x86.Build.0 = Debug|x86
		{32EAE0E5-FB5F-447E-BF15-4458766C1C0F}.Release|Any CPU.ActiveCfg = Release|x86
		{32EAE0E5-FB5F-447E-BF15-4458766C1C0F}.Release|Mixed Platforms.ActiveCfg = Release|x86
		{32EAE0E5-FB5F-447E-BF15-4458766C1C0F}.Release|Mixed Platforms.Build.0 = Release|x86
		{32EAE0E5-FB5F-447E-BF15-4458766C1C0F}.Release|x86.ActiveCfg = Release|x86
		{32EAE0E5-FB5F-447E-BF15-4458766C1C0F}.Release|x86.Build.0 = Release|x86
		{3B8DF094-DFD0-449F-9930-93975E6E26DB}.Debug|Any CPU.ActiveCfg = Debug|Any CPU
		{3B8DF094-DFD0-449F-9930-93975E6E26DB}.Debug|Any CPU.Build.0 = Debug|Any CPU
		{3B8DF094-DFD0-449F-9930-93975E6E26DB}.Debug|Mixed Platforms.ActiveCfg = Debug|Any CPU
		{3B8DF094-DFD0-449F-9930-93975E6E26DB}.Debug|Mixed Platforms.Build.0 = Debug|Any CPU
		{3B8DF094-DFD0-449F-9930-93975E6E26DB}.Debug|x86.ActiveCfg = Debug|Any CPU
		{3B8DF094-DFD0-449F-9930-93975E6E26DB}.Release|Any CPU.ActiveCfg = Release|Any CPU
		{3B8DF094-DFD0-449F-9930-93975E6E26DB}.Release|Any CPU.Build.0 = Release|Any CPU
		{3B8DF094-DFD0-449F-9930-93975E6E26DB}.Release|Mixed Platforms.ActiveCfg = Release|Any CPU
		{3B8DF094-DFD0-449F-9930-93975E6E26DB}.Release|Mixed Platforms.Build.0 = Release|Any CPU
		{3B8DF094-DFD0-449F-9930-93975E6E26DB}.Release|x86.ActiveCfg = Release|Any CPU
		{768121AA-C363-4308-8D1F-3A586A96E116}.Debug|Any CPU.ActiveCfg = Debug|Any CPU
		{768121AA-C363-4308-8D1F-3A586A96E116}.Debug|Any CPU.Build.0 = Debug|Any CPU
		{768121AA-C363-4308-8D1F-3A586A96E116}.Debug|Mixed Platforms.ActiveCfg = Debug|Any CPU
		{768121AA-C363-4308-8D1F-3A586A96E116}.Debug|Mixed Platforms.Build.0 = Debug|Any CPU
		{768121AA-C363-4308-8D1F-3A586A96E116}.Debug|x86.ActiveCfg = Debug|Any CPU
		{768121AA-C363-4308-8D1F-3A586A96E116}.Release|Any CPU.ActiveCfg = Release|Any CPU
		{768121AA-C363-4308-8D1F-3A586A96E116}.Release|Any CPU.Build.0 = Release|Any CPU
		{768121AA-C363-4308-8D1F-3A586A96E116}.Release|Mixed Platforms.ActiveCfg = Release|Any CPU
		{768121AA-C363-4308-8D1F-3A586A96E116}.Release|Mixed Platforms.Build.0 = Release|Any CPU
		{768121AA-C363-4308-8D1F-3A586A96E116}.Release|x86.ActiveCfg = Release|Any CPU
		{5B7B9862-12D0-495B-8FA8-D1807BAAC705}.Debug|Any CPU.ActiveCfg = Debug|Any CPU
		{5B7B9862-12D0-495B-8FA8-D1807BAAC705}.Debug|Any CPU.Build.0 = Debug|Any CPU
		{5B7B9862-12D0-495B-8FA8-D1807BAAC705}.Debug|Mixed Platforms.ActiveCfg = Debug|Any CPU
		{5B7B9862-12D0-495B-8FA8-D1807BAAC705}.Debug|Mixed Platforms.Build.0 = Debug|Any CPU
		{5B7B9862-12D0-495B-8FA8-D1807BAAC705}.Debug|x86.ActiveCfg = Debug|Any CPU
		{5B7B9862-12D0-495B-8FA8-D1807BAAC705}.Release|Any CPU.ActiveCfg = Release|Any CPU
		{5B7B9862-12D0-495B-8FA8-D1807BAAC705}.Release|Any CPU.Build.0 = Release|Any CPU
		{5B7B9862-12D0-495B-8FA8-D1807BAAC705}.Release|Mixed Platforms.ActiveCfg = Release|Any CPU
		{5B7B9862-12D0-495B-8FA8-D1807BAAC705}.Release|Mixed Platforms.Build.0 = Release|Any CPU
		{5B7B9862-12D0-495B-8FA8-D1807BAAC705}.Release|x86.ActiveCfg = Release|Any CPU
		{554169A9-0682-49D9-B423-09CD14709F4F}.Debug|Any CPU.ActiveCfg = Debug|Any CPU
		{554169A9-0682-49D9-B423-09CD14709F4F}.Debug|Any CPU.Build.0 = Debug|Any CPU
		{554169A9-0682-49D9-B423-09CD14709F4F}.Debug|Mixed Platforms.ActiveCfg = Debug|Any CPU
		{554169A9-0682-49D9-B423-09CD14709F4F}.Debug|Mixed Platforms.Build.0 = Debug|Any CPU
		{554169A9-0682-49D9-B423-09CD14709F4F}.Debug|x86.ActiveCfg = Debug|Any CPU
		{554169A9-0682-49D9-B423-09CD14709F4F}.Debug|x86.Build.0 = Debug|Any CPU
		{554169A9-0682-49D9-B423-09CD14709F4F}.Release|Any CPU.ActiveCfg = Release|Any CPU
		{554169A9-0682-49D9-B423-09CD14709F4F}.Release|Any CPU.Build.0 = Release|Any CPU
		{554169A9-0682-49D9-B423-09CD14709F4F}.Release|Mixed Platforms.ActiveCfg = Release|Any CPU
		{554169A9-0682-49D9-B423-09CD14709F4F}.Release|Mixed Platforms.Build.0 = Release|Any CPU
		{554169A9-0682-49D9-B423-09CD14709F4F}.Release|x86.ActiveCfg = Release|Any CPU
		{554169A9-0682-49D9-B423-09CD14709F4F}.Release|x86.Build.0 = Release|Any CPU
	EndGlobalSection
	GlobalSection(SolutionProperties) = preSolution
		HideSolutionNode = FALSE
	EndGlobalSection
	GlobalSection(NestedProjects) = preSolution
		{39CD8F58-BC90-40FA-967C-DBC2785B3229} = {820AF4E1-CB5C-49E5-B61A-79D6A1F1689A}
		{014053D1-7A35-4F6D-922F-B255E6D32257} = {820AF4E1-CB5C-49E5-B61A-79D6A1F1689A}
		{3FFF9F62-41ED-4014-8E58-4ED042AD93C4} = {CB9B9969-758A-4A8F-98CC-4B56998BFD68}
		{7578F72C-9222-4BCF-ACE2-474508090908} = {820AF4E1-CB5C-49E5-B61A-79D6A1F1689A}
		{B453F9AE-7BE8-447C-B69C-887840821B7B} = {CB9B9969-758A-4A8F-98CC-4B56998BFD68}
		{9064AFE2-9EB4-430F-88CD-D149AF7F191B} = {CB9B9969-758A-4A8F-98CC-4B56998BFD68}
		{32EAE0E5-FB5F-447E-BF15-4458766C1C0F} = {CB9B9969-758A-4A8F-98CC-4B56998BFD68}
		{3B8DF094-DFD0-449F-9930-93975E6E26DB} = {820AF4E1-CB5C-49E5-B61A-79D6A1F1689A}
		{768121AA-C363-4308-8D1F-3A586A96E116} = {820AF4E1-CB5C-49E5-B61A-79D6A1F1689A}
		{5B7B9862-12D0-495B-8FA8-D1807BAAC705} = {820AF4E1-CB5C-49E5-B61A-79D6A1F1689A}
		{554169A9-0682-49D9-B423-09CD14709F4F} = {820AF4E1-CB5C-49E5-B61A-79D6A1F1689A}
	EndGlobalSection
EndGlobal
